// !$*UTF8*$!
{
	archiveVersion = 1;
	classes = {
	};
	objectVersion = 55;
	objects = {

/* Begin PBXBuildFile section */
		299080D7290B49B70090D314 /* AppDelegate.swift in Sources */ = {isa = PBXBuildFile; fileRef = 299080D6290B49B70090D314 /* AppDelegate.swift */; };
		299080E0290B49B80090D314 /* Assets.xcassets in Resources */ = {isa = PBXBuildFile; fileRef = 299080DF290B49B80090D314 /* Assets.xcassets */; };
		299080F4290B4F250090D314 /* SplashVC.swift in Sources */ = {isa = PBXBuildFile; fileRef = 299080F2290B4F250090D314 /* SplashVC.swift */; };
		299080F5290B4F250090D314 /* SplashVC.xib in Resources */ = {isa = PBXBuildFile; fileRef = 299080F3290B4F250090D314 /* SplashVC.xib */; };
		299080F7290B52F50090D314 /* BaseViewController.swift in Sources */ = {isa = PBXBuildFile; fileRef = 299080F6290B52F50090D314 /* BaseViewController.swift */; };
		299080F9290C005E0090D314 /* FirebaseManager.swift in Sources */ = {isa = PBXBuildFile; fileRef = 299080F8290C005E0090D314 /* FirebaseManager.swift */; };
		299080FB290C020F0090D314 /* GoogleService-Info.plist in Resources */ = {isa = PBXBuildFile; fileRef = 299080FA290C020F0090D314 /* GoogleService-Info.plist */; };
		299080FD290C0DEF0090D314 /* NavigationManager.swift in Sources */ = {isa = PBXBuildFile; fileRef = 299080FC290C0DEF0090D314 /* NavigationManager.swift */; };
		299080FF290C14C40090D314 /* MovieListVC.swift in Sources */ = {isa = PBXBuildFile; fileRef = 299080FE290C14C40090D314 /* MovieListVC.swift */; };
		29908101290C15040090D314 /* MovieListViewModel.swift in Sources */ = {isa = PBXBuildFile; fileRef = 29908100290C15040090D314 /* MovieListViewModel.swift */; };
		29908103290DAACB0090D314 /* NetworkManager.swift in Sources */ = {isa = PBXBuildFile; fileRef = 29908102290DAACB0090D314 /* NetworkManager.swift */; };
		29908106290DAE020090D314 /* UIImageView+Ext.swift in Sources */ = {isa = PBXBuildFile; fileRef = 29908105290DAE020090D314 /* UIImageView+Ext.swift */; };
		2990810B290DAE890090D314 /* MovieCell.swift in Sources */ = {isa = PBXBuildFile; fileRef = 29908109290DAE890090D314 /* MovieCell.swift */; };
		2990810C290DAE890090D314 /* MovieCell.xib in Resources */ = {isa = PBXBuildFile; fileRef = 2990810A290DAE890090D314 /* MovieCell.xib */; };
		2990810E290DAEB60090D314 /* MovieCellViewModel.swift in Sources */ = {isa = PBXBuildFile; fileRef = 2990810D290DAEB60090D314 /* MovieCellViewModel.swift */; };
		29908110290DB6B80090D314 /* MovieTarget.swift in Sources */ = {isa = PBXBuildFile; fileRef = 2990810F290DB6B80090D314 /* MovieTarget.swift */; };
		29908114290EBC240090D314 /* MovieSearchRequest.swift in Sources */ = {isa = PBXBuildFile; fileRef = 29908113290EBC240090D314 /* MovieSearchRequest.swift */; };
		29908116290EBC4D0090D314 /* MovieResponse.swift in Sources */ = {isa = PBXBuildFile; fileRef = 29908115290EBC4D0090D314 /* MovieResponse.swift */; };
		29908118290EDFC40090D314 /* MovieDetailRequest.swift in Sources */ = {isa = PBXBuildFile; fileRef = 29908117290EDFC40090D314 /* MovieDetailRequest.swift */; };
		2990811A290EE29F0090D314 /* MovieSearchResponse.swift in Sources */ = {isa = PBXBuildFile; fileRef = 29908119290EE29F0090D314 /* MovieSearchResponse.swift */; };
		2990811D290EE46C0090D314 /* MovieDetailVC.swift in Sources */ = {isa = PBXBuildFile; fileRef = 2990811B290EE46C0090D314 /* MovieDetailVC.swift */; };
		2990811E290EE46C0090D314 /* MovieDetailVC.xib in Resources */ = {isa = PBXBuildFile; fileRef = 2990811C290EE46C0090D314 /* MovieDetailVC.xib */; };
		29908120290EE4AD0090D314 /* MovieDetailViewModel.swift in Sources */ = {isa = PBXBuildFile; fileRef = 2990811F290EE4AD0090D314 /* MovieDetailViewModel.swift */; };
		29908123290EF1B10090D314 /* LoadingView.swift in Sources */ = {isa = PBXBuildFile; fileRef = 29908122290EF1B10090D314 /* LoadingView.swift */; };
		4427B97ABC87B785DDDFC467 /* Pods_LoodosCaseApp.framework in Frameworks */ = {isa = PBXBuildFile; fileRef = 542E6C961E236A1D72211FD4 /* Pods_LoodosCaseApp.framework */; };
/* End PBXBuildFile section */

/* Begin PBXFileReference section */
		17409EFBBC6EFC50387D9FEA /* Pods-LoodosCaseApp.release.xcconfig */ = {isa = PBXFileReference; includeInIndex = 1; lastKnownFileType = text.xcconfig; name = "Pods-LoodosCaseApp.release.xcconfig"; path = "Target Support Files/Pods-LoodosCaseApp/Pods-LoodosCaseApp.release.xcconfig"; sourceTree = "<group>"; };
		299080D3290B49B70090D314 /* LoodosCaseApp.app */ = {isa = PBXFileReference; explicitFileType = wrapper.application; includeInIndex = 0; path = LoodosCaseApp.app; sourceTree = BUILT_PRODUCTS_DIR; };
		299080D6290B49B70090D314 /* AppDelegate.swift */ = {isa = PBXFileReference; lastKnownFileType = sourcecode.swift; path = AppDelegate.swift; sourceTree = "<group>"; };
		299080DF290B49B80090D314 /* Assets.xcassets */ = {isa = PBXFileReference; lastKnownFileType = folder.assetcatalog; path = Assets.xcassets; sourceTree = "<group>"; };
		299080E4290B49B80090D314 /* Info.plist */ = {isa = PBXFileReference; lastKnownFileType = text.plist.xml; path = Info.plist; sourceTree = "<group>"; };
		299080F2290B4F250090D314 /* SplashVC.swift */ = {isa = PBXFileReference; lastKnownFileType = sourcecode.swift; path = SplashVC.swift; sourceTree = "<group>"; };
		299080F3290B4F250090D314 /* SplashVC.xib */ = {isa = PBXFileReference; lastKnownFileType = file.xib; path = SplashVC.xib; sourceTree = "<group>"; };
		299080F6290B52F50090D314 /* BaseViewController.swift */ = {isa = PBXFileReference; lastKnownFileType = sourcecode.swift; path = BaseViewController.swift; sourceTree = "<group>"; };
		299080F8290C005E0090D314 /* FirebaseManager.swift */ = {isa = PBXFileReference; lastKnownFileType = sourcecode.swift; path = FirebaseManager.swift; sourceTree = "<group>"; };
		299080FA290C020F0090D314 /* GoogleService-Info.plist */ = {isa = PBXFileReference; fileEncoding = 4; lastKnownFileType = text.plist.xml; path = "GoogleService-Info.plist"; sourceTree = "<group>"; };
		299080FC290C0DEF0090D314 /* NavigationManager.swift */ = {isa = PBXFileReference; lastKnownFileType = sourcecode.swift; path = NavigationManager.swift; sourceTree = "<group>"; };
		299080FE290C14C40090D314 /* MovieListVC.swift */ = {isa = PBXFileReference; lastKnownFileType = sourcecode.swift; path = MovieListVC.swift; sourceTree = "<group>"; };
		29908100290C15040090D314 /* MovieListViewModel.swift */ = {isa = PBXFileReference; lastKnownFileType = sourcecode.swift; path = MovieListViewModel.swift; sourceTree = "<group>"; };
		29908102290DAACB0090D314 /* NetworkManager.swift */ = {isa = PBXFileReference; lastKnownFileType = sourcecode.swift; path = NetworkManager.swift; sourceTree = "<group>"; };
		29908105290DAE020090D314 /* UIImageView+Ext.swift */ = {isa = PBXFileReference; lastKnownFileType = sourcecode.swift; path = "UIImageView+Ext.swift"; sourceTree = "<group>"; };
		29908109290DAE890090D314 /* MovieCell.swift */ = {isa = PBXFileReference; lastKnownFileType = sourcecode.swift; path = MovieCell.swift; sourceTree = "<group>"; };
		2990810A290DAE890090D314 /* MovieCell.xib */ = {isa = PBXFileReference; lastKnownFileType = file.xib; path = MovieCell.xib; sourceTree = "<group>"; };
		2990810D290DAEB60090D314 /* MovieCellViewModel.swift */ = {isa = PBXFileReference; lastKnownFileType = sourcecode.swift; path = MovieCellViewModel.swift; sourceTree = "<group>"; };
		2990810F290DB6B80090D314 /* MovieTarget.swift */ = {isa = PBXFileReference; lastKnownFileType = sourcecode.swift; path = MovieTarget.swift; sourceTree = "<group>"; };
		29908113290EBC240090D314 /* MovieSearchRequest.swift */ = {isa = PBXFileReference; lastKnownFileType = sourcecode.swift; path = MovieSearchRequest.swift; sourceTree = "<group>"; };
		29908115290EBC4D0090D314 /* MovieResponse.swift */ = {isa = PBXFileReference; lastKnownFileType = sourcecode.swift; path = MovieResponse.swift; sourceTree = "<group>"; };
		29908117290EDFC40090D314 /* MovieDetailRequest.swift */ = {isa = PBXFileReference; lastKnownFileType = sourcecode.swift; path = MovieDetailRequest.swift; sourceTree = "<group>"; };
		29908119290EE29F0090D314 /* MovieSearchResponse.swift */ = {isa = PBXFileReference; lastKnownFileType = sourcecode.swift; path = MovieSearchResponse.swift; sourceTree = "<group>"; };
		2990811B290EE46C0090D314 /* MovieDetailVC.swift */ = {isa = PBXFileReference; lastKnownFileType = sourcecode.swift; path = MovieDetailVC.swift; sourceTree = "<group>"; };
		2990811C290EE46C0090D314 /* MovieDetailVC.xib */ = {isa = PBXFileReference; lastKnownFileType = file.xib; path = MovieDetailVC.xib; sourceTree = "<group>"; };
		2990811F290EE4AD0090D314 /* MovieDetailViewModel.swift */ = {isa = PBXFileReference; lastKnownFileType = sourcecode.swift; path = MovieDetailViewModel.swift; sourceTree = "<group>"; };
		29908122290EF1B10090D314 /* LoadingView.swift */ = {isa = PBXFileReference; lastKnownFileType = sourcecode.swift; path = LoadingView.swift; sourceTree = "<group>"; };
		2C2F602DF65D844C824AC5B5 /* Pods-LoodosCaseApp.debug.xcconfig */ = {isa = PBXFileReference; includeInIndex = 1; lastKnownFileType = text.xcconfig; name = "Pods-LoodosCaseApp.debug.xcconfig"; path = "Target Support Files/Pods-LoodosCaseApp/Pods-LoodosCaseApp.debug.xcconfig"; sourceTree = "<group>"; };
		542E6C961E236A1D72211FD4 /* Pods_LoodosCaseApp.framework */ = {isa = PBXFileReference; explicitFileType = wrapper.framework; includeInIndex = 0; path = Pods_LoodosCaseApp.framework; sourceTree = BUILT_PRODUCTS_DIR; };
/* End PBXFileReference section */

/* Begin PBXFrameworksBuildPhase section */
		299080D0290B49B70090D314 /* Frameworks */ = {
			isa = PBXFrameworksBuildPhase;
			buildActionMask = 2147483647;
			files = (
				4427B97ABC87B785DDDFC467 /* Pods_LoodosCaseApp.framework in Frameworks */,
			);
			runOnlyForDeploymentPostprocessing = 0;
		};
/* End PBXFrameworksBuildPhase section */

/* Begin PBXGroup section */
		299080CA290B49B70090D314 = {
			isa = PBXGroup;
			children = (
				299080D5290B49B70090D314 /* LoodosCaseApp */,
				299080D4290B49B70090D314 /* Products */,
				F25C8745E9281A929B05046F /* Pods */,
				6C24FC6EB2EEF498F91F4F84 /* Frameworks */,
			);
			sourceTree = "<group>";
		};
		299080D4290B49B70090D314 /* Products */ = {
			isa = PBXGroup;
			children = (
				299080D3290B49B70090D314 /* LoodosCaseApp.app */,
			);
			name = Products;
			sourceTree = "<group>";
		};
		299080D5290B49B70090D314 /* LoodosCaseApp */ = {
			isa = PBXGroup;
			children = (
				299080FA290C020F0090D314 /* GoogleService-Info.plist */,
				299080E4290B49B80090D314 /* Info.plist */,
				299080EF290B4D170090D314 /* APP */,
				299080EE290B4D110090D314 /* Resources */,
				29908104290DADF60090D314 /* Extensions */,
				299080F0290B4D480090D314 /* Core */,
				29908107290DAE6C0090D314 /* CustomViews */,
				299080EA290B4CCA0090D314 /* Modules */,
				299080F1290B4D500090D314 /* Managers */,
			);
			path = LoodosCaseApp;
			sourceTree = "<group>";
		};
		299080EA290B4CCA0090D314 /* Modules */ = {
			isa = PBXGroup;
			children = (
				299080F6290B52F50090D314 /* BaseViewController.swift */,
				299080ED290B4CE30090D314 /* Movie Detail */,
				299080EC290B4CDE0090D314 /* Movie List */,
				299080EB290B4CD80090D314 /* Splash */,
			);
			path = Modules;
			sourceTree = "<group>";
		};
		299080EB290B4CD80090D314 /* Splash */ = {
			isa = PBXGroup;
			children = (
				299080F2290B4F250090D314 /* SplashVC.swift */,
				299080F3290B4F250090D314 /* SplashVC.xib */,
			);
			path = Splash;
			sourceTree = "<group>";
		};
		299080EC290B4CDE0090D314 /* Movie List */ = {
			isa = PBXGroup;
			children = (
				299080FE290C14C40090D314 /* MovieListVC.swift */,
				29908100290C15040090D314 /* MovieListViewModel.swift */,
			);
			path = "Movie List";
			sourceTree = "<group>";
		};
		299080ED290B4CE30090D314 /* Movie Detail */ = {
			isa = PBXGroup;
			children = (
				2990811B290EE46C0090D314 /* MovieDetailVC.swift */,
				2990811C290EE46C0090D314 /* MovieDetailVC.xib */,
				2990811F290EE4AD0090D314 /* MovieDetailViewModel.swift */,
			);
			path = "Movie Detail";
			sourceTree = "<group>";
		};
		299080EE290B4D110090D314 /* Resources */ = {
			isa = PBXGroup;
			children = (
				299080DF290B49B80090D314 /* Assets.xcassets */,
			);
			path = Resources;
			sourceTree = "<group>";
		};
		299080EF290B4D170090D314 /* APP */ = {
			isa = PBXGroup;
			children = (
				299080D6290B49B70090D314 /* AppDelegate.swift */,
			);
			path = APP;
			sourceTree = "<group>";
		};
		299080F0290B4D480090D314 /* Core */ = {
			isa = PBXGroup;
			children = (
				29908112290EBC0B0090D314 /* Request */,
				29908111290EBC070090D314 /* Response */,
				2990810F290DB6B80090D314 /* MovieTarget.swift */,
			);
			path = Core;
			sourceTree = "<group>";
		};
		299080F1290B4D500090D314 /* Managers */ = {
			isa = PBXGroup;
			children = (
				299080F8290C005E0090D314 /* FirebaseManager.swift */,
				299080FC290C0DEF0090D314 /* NavigationManager.swift */,
				29908102290DAACB0090D314 /* NetworkManager.swift */,
			);
			path = Managers;
			sourceTree = "<group>";
		};
		29908104290DADF60090D314 /* Extensions */ = {
			isa = PBXGroup;
			children = (
				29908105290DAE020090D314 /* UIImageView+Ext.swift */,
			);
			path = Extensions;
			sourceTree = "<group>";
		};
		29908107290DAE6C0090D314 /* CustomViews */ = {
			isa = PBXGroup;
			children = (
				29908121290EF1A90090D314 /* Views */,
				29908108290DAE750090D314 /* Cells */,
			);
			path = CustomViews;
			sourceTree = "<group>";
		};
		29908108290DAE750090D314 /* Cells */ = {
			isa = PBXGroup;
			children = (
				29908109290DAE890090D314 /* MovieCell.swift */,
				2990810A290DAE890090D314 /* MovieCell.xib */,
				2990810D290DAEB60090D314 /* MovieCellViewModel.swift */,
			);
			path = Cells;
			sourceTree = "<group>";
		};
		29908111290EBC070090D314 /* Response */ = {
			isa = PBXGroup;
			children = (
				29908115290EBC4D0090D314 /* MovieResponse.swift */,
				29908119290EE29F0090D314 /* MovieSearchResponse.swift */,
			);
			path = Response;
			sourceTree = "<group>";
		};
		29908112290EBC0B0090D314 /* Request */ = {
			isa = PBXGroup;
			children = (
				29908113290EBC240090D314 /* MovieSearchRequest.swift */,
				29908117290EDFC40090D314 /* MovieDetailRequest.swift */,
			);
			path = Request;
			sourceTree = "<group>";
		};
		29908121290EF1A90090D314 /* Views */ = {
			isa = PBXGroup;
			children = (
				29908122290EF1B10090D314 /* LoadingView.swift */,
			);
			path = Views;
			sourceTree = "<group>";
		};
		6C24FC6EB2EEF498F91F4F84 /* Frameworks */ = {
			isa = PBXGroup;
			children = (
				542E6C961E236A1D72211FD4 /* Pods_LoodosCaseApp.framework */,
			);
			name = Frameworks;
			sourceTree = "<group>";
		};
		F25C8745E9281A929B05046F /* Pods */ = {
			isa = PBXGroup;
			children = (
				2C2F602DF65D844C824AC5B5 /* Pods-LoodosCaseApp.debug.xcconfig */,
				17409EFBBC6EFC50387D9FEA /* Pods-LoodosCaseApp.release.xcconfig */,
			);
			path = Pods;
			sourceTree = "<group>";
		};
/* End PBXGroup section */

/* Begin PBXNativeTarget section */
		299080D2290B49B70090D314 /* LoodosCaseApp */ = {
			isa = PBXNativeTarget;
			buildConfigurationList = 299080E7290B49B80090D314 /* Build configuration list for PBXNativeTarget "LoodosCaseApp" */;
			buildPhases = (
				933803A6F5902821F13DC2AF /* [CP] Check Pods Manifest.lock */,
				299080CF290B49B70090D314 /* Sources */,
				299080D0290B49B70090D314 /* Frameworks */,
				299080D1290B49B70090D314 /* Resources */,
				4DC435E9F26CF7803F367D54 /* [CP] Embed Pods Frameworks */,
			);
			buildRules = (
			);
			dependencies = (
			);
			name = LoodosCaseApp;
			productName = LoodosCaseApp;
			productReference = 299080D3290B49B70090D314 /* LoodosCaseApp.app */;
			productType = "com.apple.product-type.application";
		};
/* End PBXNativeTarget section */

/* Begin PBXProject section */
		299080CB290B49B70090D314 /* Project object */ = {
			isa = PBXProject;
			attributes = {
				BuildIndependentTargetsInParallel = 1;
				LastSwiftUpdateCheck = 1320;
				LastUpgradeCheck = 1320;
				TargetAttributes = {
					299080D2290B49B70090D314 = {
						CreatedOnToolsVersion = 13.2.1;
					};
				};
			};
			buildConfigurationList = 299080CE290B49B70090D314 /* Build configuration list for PBXProject "LoodosCaseApp" */;
			compatibilityVersion = "Xcode 13.0";
			developmentRegion = en;
			hasScannedForEncodings = 0;
			knownRegions = (
				en,
				Base,
			);
			mainGroup = 299080CA290B49B70090D314;
			productRefGroup = 299080D4290B49B70090D314 /* Products */;
			projectDirPath = "";
			projectRoot = "";
			targets = (
				299080D2290B49B70090D314 /* LoodosCaseApp */,
			);
		};
/* End PBXProject section */

/* Begin PBXResourcesBuildPhase section */
		299080D1290B49B70090D314 /* Resources */ = {
			isa = PBXResourcesBuildPhase;
			buildActionMask = 2147483647;
			files = (
				2990811E290EE46C0090D314 /* MovieDetailVC.xib in Resources */,
				299080E0290B49B80090D314 /* Assets.xcassets in Resources */,
				299080F5290B4F250090D314 /* SplashVC.xib in Resources */,
				2990810C290DAE890090D314 /* MovieCell.xib in Resources */,
				299080FB290C020F0090D314 /* GoogleService-Info.plist in Resources */,
			);
			runOnlyForDeploymentPostprocessing = 0;
		};
/* End PBXResourcesBuildPhase section */

/* Begin PBXShellScriptBuildPhase section */
		4DC435E9F26CF7803F367D54 /* [CP] Embed Pods Frameworks */ = {
			isa = PBXShellScriptBuildPhase;
			buildActionMask = 2147483647;
			files = (
			);
			inputFileListPaths = (
				"${PODS_ROOT}/Target Support Files/Pods-LoodosCaseApp/Pods-LoodosCaseApp-frameworks-${CONFIGURATION}-input-files.xcfilelist",
			);
			name = "[CP] Embed Pods Frameworks";
			outputFileListPaths = (
				"${PODS_ROOT}/Target Support Files/Pods-LoodosCaseApp/Pods-LoodosCaseApp-frameworks-${CONFIGURATION}-output-files.xcfilelist",
			);
			runOnlyForDeploymentPostprocessing = 0;
			shellPath = /bin/sh;
			shellScript = "\"${PODS_ROOT}/Target Support Files/Pods-LoodosCaseApp/Pods-LoodosCaseApp-frameworks.sh\"\n";
			showEnvVarsInLog = 0;
		};
		933803A6F5902821F13DC2AF /* [CP] Check Pods Manifest.lock */ = {
			isa = PBXShellScriptBuildPhase;
			buildActionMask = 2147483647;
			files = (
			);
			inputFileListPaths = (
			);
			inputPaths = (
				"${PODS_PODFILE_DIR_PATH}/Podfile.lock",
				"${PODS_ROOT}/Manifest.lock",
			);
			name = "[CP] Check Pods Manifest.lock";
			outputFileListPaths = (
			);
			outputPaths = (
				"$(DERIVED_FILE_DIR)/Pods-LoodosCaseApp-checkManifestLockResult.txt",
			);
			runOnlyForDeploymentPostprocessing = 0;
			shellPath = /bin/sh;
			shellScript = "diff \"${PODS_PODFILE_DIR_PATH}/Podfile.lock\" \"${PODS_ROOT}/Manifest.lock\" > /dev/null\nif [ $? != 0 ] ; then\n    # print error to STDERR\n    echo \"error: The sandbox is not in sync with the Podfile.lock. Run 'pod install' or update your CocoaPods installation.\" >&2\n    exit 1\nfi\n# This output is used by Xcode 'outputs' to avoid re-running this script phase.\necho \"SUCCESS\" > \"${SCRIPT_OUTPUT_FILE_0}\"\n";
			showEnvVarsInLog = 0;
		};
/* End PBXShellScriptBuildPhase section */

/* Begin PBXSourcesBuildPhase section */
		299080CF290B49B70090D314 /* Sources */ = {
			isa = PBXSourcesBuildPhase;
			buildActionMask = 2147483647;
			files = (
				2990810E290DAEB60090D314 /* MovieCellViewModel.swift in Sources */,
				299080D7290B49B70090D314 /* AppDelegate.swift in Sources */,
				299080F9290C005E0090D314 /* FirebaseManager.swift in Sources */,
				29908110290DB6B80090D314 /* MovieTarget.swift in Sources */,
				299080F4290B4F250090D314 /* SplashVC.swift in Sources */,
				29908114290EBC240090D314 /* MovieSearchRequest.swift in Sources */,
				29908118290EDFC40090D314 /* MovieDetailRequest.swift in Sources */,
				29908106290DAE020090D314 /* UIImageView+Ext.swift in Sources */,
				29908120290EE4AD0090D314 /* MovieDetailViewModel.swift in Sources */,
				29908116290EBC4D0090D314 /* MovieResponse.swift in Sources */,
				2990811A290EE29F0090D314 /* MovieSearchResponse.swift in Sources */,
				29908101290C15040090D314 /* MovieListViewModel.swift in Sources */,
				2990811D290EE46C0090D314 /* MovieDetailVC.swift in Sources */,
				29908103290DAACB0090D314 /* NetworkManager.swift in Sources */,
				299080F7290B52F50090D314 /* BaseViewController.swift in Sources */,
				299080FD290C0DEF0090D314 /* NavigationManager.swift in Sources */,
				2990810B290DAE890090D314 /* MovieCell.swift in Sources */,
				29908123290EF1B10090D314 /* LoadingView.swift in Sources */,
				299080FF290C14C40090D314 /* MovieListVC.swift in Sources */,
			);
			runOnlyForDeploymentPostprocessing = 0;
		};
/* End PBXSourcesBuildPhase section */

/* Begin XCBuildConfiguration section */
		299080E5290B49B80090D314 /* Debug */ = {
			isa = XCBuildConfiguration;
			buildSettings = {
				ALWAYS_SEARCH_USER_PATHS = NO;
				CLANG_ANALYZER_NONNULL = YES;
				CLANG_ANALYZER_NUMBER_OBJECT_CONVERSION = YES_AGGRESSIVE;
				CLANG_CXX_LANGUAGE_STANDARD = "gnu++17";
				CLANG_CXX_LIBRARY = "libc++";
				CLANG_ENABLE_MODULES = YES;
				CLANG_ENABLE_OBJC_ARC = YES;
				CLANG_ENABLE_OBJC_WEAK = YES;
				CLANG_WARN_BLOCK_CAPTURE_AUTORELEASING = YES;
				CLANG_WARN_BOOL_CONVERSION = YES;
				CLANG_WARN_COMMA = YES;
				CLANG_WARN_CONSTANT_CONVERSION = YES;
				CLANG_WARN_DEPRECATED_OBJC_IMPLEMENTATIONS = YES;
				CLANG_WARN_DIRECT_OBJC_ISA_USAGE = YES_ERROR;
				CLANG_WARN_DOCUMENTATION_COMMENTS = YES;
				CLANG_WARN_EMPTY_BODY = YES;
				CLANG_WARN_ENUM_CONVERSION = YES;
				CLANG_WARN_INFINITE_RECURSION = YES;
				CLANG_WARN_INT_CONVERSION = YES;
				CLANG_WARN_NON_LITERAL_NULL_CONVERSION = YES;
				CLANG_WARN_OBJC_IMPLICIT_RETAIN_SELF = YES;
				CLANG_WARN_OBJC_LITERAL_CONVERSION = YES;
				CLANG_WARN_OBJC_ROOT_CLASS = YES_ERROR;
				CLANG_WARN_QUOTED_INCLUDE_IN_FRAMEWORK_HEADER = YES;
				CLANG_WARN_RANGE_LOOP_ANALYSIS = YES;
				CLANG_WARN_STRICT_PROTOTYPES = YES;
				CLANG_WARN_SUSPICIOUS_MOVE = YES;
				CLANG_WARN_UNGUARDED_AVAILABILITY = YES_AGGRESSIVE;
				CLANG_WARN_UNREACHABLE_CODE = YES;
				CLANG_WARN__DUPLICATE_METHOD_MATCH = YES;
				COPY_PHASE_STRIP = NO;
				DEBUG_INFORMATION_FORMAT = dwarf;
				ENABLE_STRICT_OBJC_MSGSEND = YES;
				ENABLE_TESTABILITY = YES;
				GCC_C_LANGUAGE_STANDARD = gnu11;
				GCC_DYNAMIC_NO_PIC = NO;
				GCC_NO_COMMON_BLOCKS = YES;
				GCC_OPTIMIZATION_LEVEL = 0;
				GCC_PREPROCESSOR_DEFINITIONS = (
					"DEBUG=1",
					"$(inherited)",
				);
				GCC_WARN_64_TO_32_BIT_CONVERSION = YES;
				GCC_WARN_ABOUT_RETURN_TYPE = YES_ERROR;
				GCC_WARN_UNDECLARED_SELECTOR = YES;
				GCC_WARN_UNINITIALIZED_AUTOS = YES_AGGRESSIVE;
				GCC_WARN_UNUSED_FUNCTION = YES;
				GCC_WARN_UNUSED_VARIABLE = YES;
				IPHONEOS_DEPLOYMENT_TARGET = 13.0;
				MTL_ENABLE_DEBUG_INFO = INCLUDE_SOURCE;
				MTL_FAST_MATH = YES;
				ONLY_ACTIVE_ARCH = YES;
				SDKROOT = iphoneos;
				SWIFT_ACTIVE_COMPILATION_CONDITIONS = DEBUG;
				SWIFT_OPTIMIZATION_LEVEL = "-Onone";
			};
			name = Debug;
		};
		299080E6290B49B80090D314 /* Release */ = {
			isa = XCBuildConfiguration;
			buildSettings = {
				ALWAYS_SEARCH_USER_PATHS = NO;
				CLANG_ANALYZER_NONNULL = YES;
				CLANG_ANALYZER_NUMBER_OBJECT_CONVERSION = YES_AGGRESSIVE;
				CLANG_CXX_LANGUAGE_STANDARD = "gnu++17";
				CLANG_CXX_LIBRARY = "libc++";
				CLANG_ENABLE_MODULES = YES;
				CLANG_ENABLE_OBJC_ARC = YES;
				CLANG_ENABLE_OBJC_WEAK = YES;
				CLANG_WARN_BLOCK_CAPTURE_AUTORELEASING = YES;
				CLANG_WARN_BOOL_CONVERSION = YES;
				CLANG_WARN_COMMA = YES;
				CLANG_WARN_CONSTANT_CONVERSION = YES;
				CLANG_WARN_DEPRECATED_OBJC_IMPLEMENTATIONS = YES;
				CLANG_WARN_DIRECT_OBJC_ISA_USAGE = YES_ERROR;
				CLANG_WARN_DOCUMENTATION_COMMENTS = YES;
				CLANG_WARN_EMPTY_BODY = YES;
				CLANG_WARN_ENUM_CONVERSION = YES;
				CLANG_WARN_INFINITE_RECURSION = YES;
				CLANG_WARN_INT_CONVERSION = YES;
				CLANG_WARN_NON_LITERAL_NULL_CONVERSION = YES;
				CLANG_WARN_OBJC_IMPLICIT_RETAIN_SELF = YES;
				CLANG_WARN_OBJC_LITERAL_CONVERSION = YES;
				CLANG_WARN_OBJC_ROOT_CLASS = YES_ERROR;
				CLANG_WARN_QUOTED_INCLUDE_IN_FRAMEWORK_HEADER = YES;
				CLANG_WARN_RANGE_LOOP_ANALYSIS = YES;
				CLANG_WARN_STRICT_PROTOTYPES = YES;
				CLANG_WARN_SUSPICIOUS_MOVE = YES;
				CLANG_WARN_UNGUARDED_AVAILABILITY = YES_AGGRESSIVE;
				CLANG_WARN_UNREACHABLE_CODE = YES;
				CLANG_WARN__DUPLICATE_METHOD_MATCH = YES;
				COPY_PHASE_STRIP = NO;
				DEBUG_INFORMATION_FORMAT = "dwarf-with-dsym";
				ENABLE_NS_ASSERTIONS = NO;
				ENABLE_STRICT_OBJC_MSGSEND = YES;
				GCC_C_LANGUAGE_STANDARD = gnu11;
				GCC_NO_COMMON_BLOCKS = YES;
				GCC_WARN_64_TO_32_BIT_CONVERSION = YES;
				GCC_WARN_ABOUT_RETURN_TYPE = YES_ERROR;
				GCC_WARN_UNDECLARED_SELECTOR = YES;
				GCC_WARN_UNINITIALIZED_AUTOS = YES_AGGRESSIVE;
				GCC_WARN_UNUSED_FUNCTION = YES;
				GCC_WARN_UNUSED_VARIABLE = YES;
				IPHONEOS_DEPLOYMENT_TARGET = 13.0;
				MTL_ENABLE_DEBUG_INFO = NO;
				MTL_FAST_MATH = YES;
				SDKROOT = iphoneos;
				SWIFT_COMPILATION_MODE = wholemodule;
				SWIFT_OPTIMIZATION_LEVEL = "-O";
				VALIDATE_PRODUCT = YES;
			};
			name = Release;
		};
		299080E8290B49B80090D314 /* Debug */ = {
			isa = XCBuildConfiguration;
			baseConfigurationReference = 2C2F602DF65D844C824AC5B5 /* Pods-LoodosCaseApp.debug.xcconfig */;
			buildSettings = {
				ASSETCATALOG_COMPILER_APPICON_NAME = AppIcon;
				ASSETCATALOG_COMPILER_GLOBAL_ACCENT_COLOR_NAME = AccentColor;
				CODE_SIGN_STYLE = Automatic;
				CURRENT_PROJECT_VERSION = 1;
				GENERATE_INFOPLIST_FILE = YES;
				INFOPLIST_FILE = LoodosCaseApp/Info.plist;
				INFOPLIST_KEY_UIApplicationSupportsIndirectInputEvents = YES;
				INFOPLIST_KEY_UILaunchStoryboardName = LaunchScreen;
				INFOPLIST_KEY_UISupportedInterfaceOrientations = UIInterfaceOrientationPortrait;
				INFOPLIST_KEY_UISupportedInterfaceOrientations_iPad = "UIInterfaceOrientationPortrait UIInterfaceOrientationPortraitUpsideDown UIInterfaceOrientationLandscapeLeft UIInterfaceOrientationLandscapeRight";
				INFOPLIST_KEY_UISupportedInterfaceOrientations_iPhone = "UIInterfaceOrientationPortrait UIInterfaceOrientationLandscapeLeft UIInterfaceOrientationLandscapeRight";
				IPHONEOS_DEPLOYMENT_TARGET = 12.4;
				LD_RUNPATH_SEARCH_PATHS = (
					"$(inherited)",
					"@executable_path/Frameworks",
				);
				MARKETING_VERSION = 1.0;
				PRODUCT_BUNDLE_IDENTIFIER = com.muratcanaslan.LoodosCaseApp;
				PRODUCT_NAME = "$(TARGET_NAME)";
				SWIFT_EMIT_LOC_STRINGS = YES;
				SWIFT_VERSION = 5.0;
				TARGETED_DEVICE_FAMILY = 1;
			};
			name = Debug;
		};
		299080E9290B49B80090D314 /* Release */ = {
			isa = XCBuildConfiguration;
			baseConfigurationReference = 17409EFBBC6EFC50387D9FEA /* Pods-LoodosCaseApp.release.xcconfig */;
			buildSettings = {
				ASSETCATALOG_COMPILER_APPICON_NAME = AppIcon;
				ASSETCATALOG_COMPILER_GLOBAL_ACCENT_COLOR_NAME = AccentColor;
				CODE_SIGN_STYLE = Automatic;
				CURRENT_PROJECT_VERSION = 1;
				GENERATE_INFOPLIST_FILE = YES;
				INFOPLIST_FILE = LoodosCaseApp/Info.plist;
				INFOPLIST_KEY_UIApplicationSupportsIndirectInputEvents = YES;
				INFOPLIST_KEY_UILaunchStoryboardName = LaunchScreen;
				INFOPLIST_KEY_UISupportedInterfaceOrientations = UIInterfaceOrientationPortrait;
				INFOPLIST_KEY_UISupportedInterfaceOrientations_iPad = "UIInterfaceOrientationPortrait UIInterfaceOrientationPortraitUpsideDown UIInterfaceOrientationLandscapeLeft UIInterfaceOrientationLandscapeRight";
				INFOPLIST_KEY_UISupportedInterfaceOrientations_iPhone = "UIInterfaceOrientationPortrait UIInterfaceOrientationLandscapeLeft UIInterfaceOrientationLandscapeRight";
				IPHONEOS_DEPLOYMENT_TARGET = 12.4;
				LD_RUNPATH_SEARCH_PATHS = (
					"$(inherited)",
					"@executable_path/Frameworks",
				);
				MARKETING_VERSION = 1.0;
				PRODUCT_BUNDLE_IDENTIFIER = com.muratcanaslan.LoodosCaseApp;
				PRODUCT_NAME = "$(TARGET_NAME)";
				SWIFT_EMIT_LOC_STRINGS = YES;
				SWIFT_VERSION = 5.0;
				TARGETED_DEVICE_FAMILY = 1;
			};
			name = Release;
		};
/* End XCBuildConfiguration section */

/* Begin XCConfigurationList section */
		299080CE290B49B70090D314 /* Build configuration list for PBXProject "LoodosCaseApp" */ = {
			isa = XCConfigurationList;
			buildConfigurations = (
				299080E5290B49B80090D314 /* Debug */,
				299080E6290B49B80090D314 /* Release */,
			);
			defaultConfigurationIsVisible = 0;
			defaultConfigurationName = Release;
		};
		299080E7290B49B80090D314 /* Build configuration list for PBXNativeTarget "LoodosCaseApp" */ = {
			isa = XCConfigurationList;
			buildConfigurations = (
				299080E8290B49B80090D314 /* Debug */,
				299080E9290B49B80090D314 /* Release */,
			);
			defaultConfigurationIsVisible = 0;
			defaultConfigurationName = Release;
		};
/* End XCConfigurationList section */
	};
	rootObject = 299080CB290B49B70090D314 /* Project object */;
}
